
Microsoft Visual Studio Solution File, Format Version 12.00
# Visual Studio Version 17
VisualStudioVersion = 17.1.32407.343
MinimumVisualStudioVersion = 10.0.40219.1
Project("{9A19103F-16F7-4668-BE54-9A1E7A4F7556}") = "NetMix", "NetMix.csproj", "{D4B549F6-EF88-49B8-BE98-F58937453026}"
EndProject
Project("{9A19103F-16F7-4668-BE54-9A1E7A4F7556}") = "DAL", "..\DAL\DAL.csproj", "{09CD09BD-6937-4D86-AA1C-3C48EF1C5DCF}"
EndProject
Project("{FAE04EC0-301F-11D3-BF4B-00C04F79EFBC}") = "BL", "..\BL\BL.csproj", "{2C59363A-6917-4A10-B457-BC19A3BBA0C6}"
EndProject
Global
	GlobalSection(SolutionConfigurationPlatforms) = preSolution
		Debug|Any CPU = Debug|Any CPU
		Release|Any CPU = Release|Any CPU
	EndGlobalSection
	GlobalSection(ProjectConfigurationPlatforms) = postSolution
		{D4B549F6-EF88-49B8-BE98-F58937453026}.Debug|Any CPU.ActiveCfg = Debug|Any CPU
		{D4B549F6-EF88-49B8-BE98-F58937453026}.Debug|Any CPU.Build.0 = Debug|Any CPU
		{D4B549F6-EF88-49B8-BE98-F58937453026}.Release|Any CPU.ActiveCfg = Release|Any CPU
		{D4B549F6-EF88-49B8-BE98-F58937453026}.Release|Any CPU.Build.0 = Release|Any CPU
		{09CD09BD-6937-4D86-AA1C-3C48EF1C5DCF}.Debug|Any CPU.ActiveCfg = Debug|Any CPU
		{09CD09BD-6937-4D86-AA1C-3C48EF1C5DCF}.Debug|Any CPU.Build.0 = Debug|Any CPU
		{09CD09BD-6937-4D86-AA1C-3C48EF1C5DCF}.Release|Any CPU.ActiveCfg = Release|Any CPU
		{09CD09BD-6937-4D86-AA1C-3C48EF1C5DCF}.Release|Any CPU.Build.0 = Release|Any CPU
		{2C59363A-6917-4A10-B457-BC19A3BBA0C6}.Debug|Any CPU.ActiveCfg = Debug|Any CPU
		{2C59363A-6917-4A10-B457-BC19A3BBA0C6}.Debug|Any CPU.Build.0 = Debug|Any CPU
		{2C59363A-6917-4A10-B457-BC19A3BBA0C6}.Release|Any CPU.ActiveCfg = Release|Any CPU
		{2C59363A-6917-4A10-B457-BC19A3BBA0C6}.Release|Any CPU.Build.0 = Release|Any CPU
	EndGlobalSection
	GlobalSection(SolutionProperties) = preSolution
		HideSolutionNode = FALSE
	EndGlobalSection
	GlobalSection(ExtensibilityGlobals) = postSolution
		SolutionGuid = {CFC0DBE3-0AAE-4A92-8FCA-50049DE89B42}
	EndGlobalSection
EndGlobal
